
Microsoft Visual Studio Solution File, Format Version 12.00
# Visual Studio Version 16
VisualStudioVersion = 16.0.30225.117
MinimumVisualStudioVersion = 10.0.40219.1
Project("{FAE04EC0-301F-11D3-BF4B-00C04F79EFBC}") = "AttachmentRipper", "AttachmentRipper\AttachmentRipper.csproj", "{607287F6-D6F5-4F6B-91AE-993AD4858955}"
EndProject
Global
	GlobalSection(SolutionConfigurationPlatforms) = preSolution
		Debug|Any CPU = Debug|Any CPU
		Release|Any CPU = Release|Any CPU
	EndGlobalSection
	GlobalSection(ProjectConfigurationPlatforms) = postSolution
		{607287F6-D6F5-4F6B-91AE-993AD4858955}.Debug|Any CPU.ActiveCfg = Debug|Any CPU
		{607287F6-D6F5-4F6B-91AE-993AD4858955}.Debug|Any CPU.Build.0 = Debug|Any CPU
		{607287F6-D6F5-4F6B-91AE-993AD4858955}.Release|Any CPU.ActiveCfg = Release|Any CPU
		{607287F6-D6F5-4F6B-91AE-993AD4858955}.Release|Any CPU.Build.0 = Release|Any CPU
	EndGlobalSection
	GlobalSection(SolutionProperties) = preSolution
		HideSolutionNode = FALSE
	EndGlobalSection
	GlobalSection(ExtensibilityGlobals) = postSolution
		SolutionGuid = {886EAE3B-8BD0-4F82-AAE4-DE6362AF4BED}
	EndGlobalSection
EndGlobal
